
Microsoft Visual Studio Solution File, Format Version 12.00
# Visual Studio Version 17
VisualStudioVersion = 17.2.32526.322
MinimumVisualStudioVersion = 10.0.40219.1
Project("{9A19103F-16F7-4668-BE54-9A1E7A4F7556}") = "GenericParsingLibrary", "GenericParsingLibrary\GenericParsingLibrary.csproj", "{8D4BE3B0-3C6B-447E-AE5B-B616A0D09E0F}"
EndProject
Project("{9A19103F-16F7-4668-BE54-9A1E7A4F7556}") = "Tests", "Tests\Tests.csproj", "{E634AEBF-C38A-4FF5-9CA3-272C5D447FED}"
EndProject
Project("{9A19103F-16F7-4668-BE54-9A1E7A4F7556}") = "IniParserExample", "IniParserExample\IniParserExample.csproj", "{23FE0264-4118-4D32-A88F-BAB4111B6BAA}"
EndProject
Project("{FAE04EC0-301F-11D3-BF4B-00C04F79EFBC}") = "IniParserExampleTests", "IniParserExampleTests\IniParserExampleTests.csproj", "{AB5AACD0-BC82-4A18-8D1C-6B7E34B63FBB}"
EndProject
Global
	GlobalSection(SolutionConfigurationPlatforms) = preSolution
		Debug|Any CPU = Debug|Any CPU
		Release|Any CPU = Release|Any CPU
	EndGlobalSection
	GlobalSection(ProjectConfigurationPlatforms) = postSolution
		{8D4BE3B0-3C6B-447E-AE5B-B616A0D09E0F}.Debug|Any CPU.ActiveCfg = Debug|Any CPU
		{8D4BE3B0-3C6B-447E-AE5B-B616A0D09E0F}.Debug|Any CPU.Build.0 = Debug|Any CPU
		{8D4BE3B0-3C6B-447E-AE5B-B616A0D09E0F}.Release|Any CPU.ActiveCfg = Release|Any CPU
		{8D4BE3B0-3C6B-447E-AE5B-B616A0D09E0F}.Release|Any CPU.Build.0 = Release|Any CPU
		{E634AEBF-C38A-4FF5-9CA3-272C5D447FED}.Debug|Any CPU.ActiveCfg = Debug|Any CPU
		{E634AEBF-C38A-4FF5-9CA3-272C5D447FED}.Debug|Any CPU.Build.0 = Debug|Any CPU
		{E634AEBF-C38A-4FF5-9CA3-272C5D447FED}.Release|Any CPU.ActiveCfg = Release|Any CPU
		{E634AEBF-C38A-4FF5-9CA3-272C5D447FED}.Release|Any CPU.Build.0 = Release|Any CPU
		{23FE0264-4118-4D32-A88F-BAB4111B6BAA}.Debug|Any CPU.ActiveCfg = Debug|Any CPU
		{23FE0264-4118-4D32-A88F-BAB4111B6BAA}.Debug|Any CPU.Build.0 = Debug|Any CPU
		{23FE0264-4118-4D32-A88F-BAB4111B6BAA}.Release|Any CPU.ActiveCfg = Release|Any CPU
		{23FE0264-4118-4D32-A88F-BAB4111B6BAA}.Release|Any CPU.Build.0 = Release|Any CPU
		{AB5AACD0-BC82-4A18-8D1C-6B7E34B63FBB}.Debug|Any CPU.ActiveCfg = Debug|Any CPU
		{AB5AACD0-BC82-4A18-8D1C-6B7E34B63FBB}.Debug|Any CPU.Build.0 = Debug|Any CPU
		{AB5AACD0-BC82-4A18-8D1C-6B7E34B63FBB}.Release|Any CPU.ActiveCfg = Release|Any CPU
		{AB5AACD0-BC82-4A18-8D1C-6B7E34B63FBB}.Release|Any CPU.Build.0 = Release|Any CPU
	EndGlobalSection
	GlobalSection(SolutionProperties) = preSolution
		HideSolutionNode = FALSE
	EndGlobalSection
	GlobalSection(ExtensibilityGlobals) = postSolution
		SolutionGuid = {8D43E330-E1B9-49FE-92E0-556800CF3588}
	EndGlobalSection
EndGlobal
